
Microsoft Visual Studio Solution File, Format Version 12.00
# Visual Studio 15
VisualStudioVersion = 15.0.26730.3
MinimumVisualStudioVersion = 10.0.40219.1
Project("{9A19103F-16F7-4668-BE54-9A1E7A4F7556}") = "Dapper.Rainbow.MySql", "Dapper.Rainbow.MySql\Dapper.Rainbow.MySql.csproj", "{21BC6EA8-3D10-4CC9-A1B3-9FAD59F7D1BB}"
EndProject
Project("{9A19103F-16F7-4668-BE54-9A1E7A4F7556}") = "Test", "Test\Test.csproj", "{69560D98-B478-4C1D-9366-B1FC7890C3A7}"
EndProject
Global
	GlobalSection(SolutionConfigurationPlatforms) = preSolution
		Debug|Any CPU = Debug|Any CPU
		Release|Any CPU = Release|Any CPU
	EndGlobalSection
	GlobalSection(ProjectConfigurationPlatforms) = postSolution
		{21BC6EA8-3D10-4CC9-A1B3-9FAD59F7D1BB}.Debug|Any CPU.ActiveCfg = Debug|Any CPU
		{21BC6EA8-3D10-4CC9-A1B3-9FAD59F7D1BB}.Debug|Any CPU.Build.0 = Debug|Any CPU
		{21BC6EA8-3D10-4CC9-A1B3-9FAD59F7D1BB}.Release|Any CPU.ActiveCfg = Release|Any CPU
		{21BC6EA8-3D10-4CC9-A1B3-9FAD59F7D1BB}.Release|Any CPU.Build.0 = Release|Any CPU
		{69560D98-B478-4C1D-9366-B1FC7890C3A7}.Debug|Any CPU.ActiveCfg = Debug|Any CPU
		{69560D98-B478-4C1D-9366-B1FC7890C3A7}.Debug|Any CPU.Build.0 = Debug|Any CPU
		{69560D98-B478-4C1D-9366-B1FC7890C3A7}.Release|Any CPU.ActiveCfg = Release|Any CPU
		{69560D98-B478-4C1D-9366-B1FC7890C3A7}.Release|Any CPU.Build.0 = Release|Any CPU
	EndGlobalSection
	GlobalSection(SolutionProperties) = preSolution
		HideSolutionNode = FALSE
	EndGlobalSection
	GlobalSection(ExtensibilityGlobals) = postSolution
		SolutionGuid = {E660C536-FD13-4728-BFCE-A5E98BE2FE95}
	EndGlobalSection
	GlobalSection(MonoDevelopProperties) = preSolution
		StartupItem = Test\Test.csproj
	EndGlobalSection
EndGlobal
